
Microsoft Visual Studio Solution File, Format Version 12.00
# Visual Studio Version 17
VisualStudioVersion = 17.10.35013.160
MinimumVisualStudioVersion = 10.0.40219.1
Project("{2150E333-8FDC-42A3-9474-1A3956D46DE8}") = "02.AgentGroupChat", "02.AgentGroupChat", "{DD21FA39-C6F3-4FC6-9F4D-4548A9A813B9}"
EndProject
Project("{2150E333-8FDC-42A3-9474-1A3956D46DE8}") = "00.SolutionItems", "00.SolutionItems", "{21FBDD66-35C6-4ED7-BED7-F510529BC42A}"
	ProjectSection(SolutionItems) = preProject
		..\.gitignore = ..\.gitignore
		..\README.md = ..\README.md
	EndProjectSection
EndProject
Project("{2150E333-8FDC-42A3-9474-1A3956D46DE8}") = "01.Shared", "01.Shared", "{A94D7C9A-0FD2-4A6B-9DA9-191CC213230E}"
EndProject
Project("{9A19103F-16F7-4668-BE54-9A1E7A4F7556}") = "CommonShared", "CommonShared\CommonShared.csproj", "{AE4F5034-F3F9-43DE-8154-1EC22B88F34A}"
EndProject
Project("{9A19103F-16F7-4668-BE54-9A1E7A4F7556}") = "AgentGroupChatDemo", "AgentGroupChat\AgentGroupChatDemo.csproj", "{6FE711EC-0728-4DE9-80A5-D1B1C28367B4}"
EndProject
Global
	GlobalSection(SolutionConfigurationPlatforms) = preSolution
		Debug|Any CPU = Debug|Any CPU
		Release|Any CPU = Release|Any CPU
	EndGlobalSection
	GlobalSection(ProjectConfigurationPlatforms) = postSolution
		{AE4F5034-F3F9-43DE-8154-1EC22B88F34A}.Debug|Any CPU.ActiveCfg = Debug|Any CPU
		{AE4F5034-F3F9-43DE-8154-1EC22B88F34A}.Debug|Any CPU.Build.0 = Debug|Any CPU
		{AE4F5034-F3F9-43DE-8154-1EC22B88F34A}.Release|Any CPU.ActiveCfg = Release|Any CPU
		{AE4F5034-F3F9-43DE-8154-1EC22B88F34A}.Release|Any CPU.Build.0 = Release|Any CPU
		{6FE711EC-0728-4DE9-80A5-D1B1C28367B4}.Debug|Any CPU.ActiveCfg = Debug|Any CPU
		{6FE711EC-0728-4DE9-80A5-D1B1C28367B4}.Debug|Any CPU.Build.0 = Debug|Any CPU
		{6FE711EC-0728-4DE9-80A5-D1B1C28367B4}.Release|Any CPU.ActiveCfg = Release|Any CPU
		{6FE711EC-0728-4DE9-80A5-D1B1C28367B4}.Release|Any CPU.Build.0 = Release|Any CPU
	EndGlobalSection
	GlobalSection(SolutionProperties) = preSolution
		HideSolutionNode = FALSE
	EndGlobalSection
	GlobalSection(NestedProjects) = preSolution
		{AE4F5034-F3F9-43DE-8154-1EC22B88F34A} = {A94D7C9A-0FD2-4A6B-9DA9-191CC213230E}
		{6FE711EC-0728-4DE9-80A5-D1B1C28367B4} = {DD21FA39-C6F3-4FC6-9F4D-4548A9A813B9}
	EndGlobalSection
	GlobalSection(ExtensibilityGlobals) = postSolution
		SolutionGuid = {963A895C-0BB4-4BEC-B53D-6B44256D8117}
	EndGlobalSection
EndGlobal
